# This file is automatically @generated by pesde.
# It is not intended for manual editing.
format = 2
name = "sbin/lutriever"
version = "0.1.0"
target = "luau"

[graph."0x5eal/unzip@0.2.1 luau"]
direct = ["unzip", { name = "0x5eal/unzip", version = "^0.2.1", index = "default" }, "standard"]

[graph."0x5eal/unzip@0.2.1 luau".pkg_ref]
ref_ty = "pesde"
index_url = "https://github.com/pesde-pkg/index"

[graph."0x5eal/unzip@0.2.1 luau".pkg_ref.dependencies]
asciitable = [{ name = "kimpure/asciitable", version = "^0.3.8", index = "https://github.com/pesde-pkg/index" }, "dev"]
dirs = [{ name = "jiwonz/dirs", version = "^0.6.0", index = "https://github.com/pesde-pkg/index", target = "lune" }, "dev"]
frktest = [{ name = "itsfrank/frktest", version = "^0.0.4", index = "https://github.com/pesde-pkg/index" }, "dev"]
luau-lsp = [{ name = "pesde/luau_lsp", version = "=1.66.1", index = "https://github.com/pesde-pkg/index", target = "lune" }, "dev"]
stylua = [{ name = "pesde/stylua", version = "=2.4.1", index = "https://github.com/pesde-pkg/index", target = "lune" }, "dev"]
